
Microsoft Visual Studio Solution File, Format Version 12.00
# Visual Studio Version 16
VisualStudioVersion = 16.0.29424.173
MinimumVisualStudioVersion = 10.0.40219.1
Project("{8BC9CEB8-8B4A-11D0-8D11-00A0C91BC942}") = "PF2 Lab 3", "PF2 Lab 3.vcxproj", "{9B790B8E-3DBA-4693-8C95-CB70BBBCA566}"
EndProject
Global
	GlobalSection(SolutionConfigurationPlatforms) = preSolution
		Debug|x64 = Debug|x64
		Debug|x86 = Debug|x86
		Release|x64 = Release|x64
		Release|x86 = Release|x86
	EndGlobalSection
	GlobalSection(ProjectConfigurationPlatforms) = postSolution
		{9B790B8E-3DBA-4693-8C95-CB70BBBCA566}.Debug|x64.ActiveCfg = Debug|x64
		{9B790B8E-3DBA-4693-8C95-CB70BBBCA566}.Debug|x64.Build.0 = Debug|x64
		{9B790B8E-3DBA-4693-8C95-CB70BBBCA566}.Debug|x86.ActiveCfg = Debug|Win32
		{9B790B8E-3DBA-4693-8C95-CB70BBBCA566}.Debug|x86.Build.0 = Debug|Win32
		{9B790B8E-3DBA-4693-8C95-CB70BBBCA566}.Release|x64.ActiveCfg = Release|x64
		{9B790B8E-3DBA-4693-8C95-CB70BBBCA566}.Release|x64.Build.0 = Release|x64
		{9B790B8E-3DBA-4693-8C95-CB70BBBCA566}.Release|x86.ActiveCfg = Release|Win32
		{9B790B8E-3DBA-4693-8C95-CB70BBBCA566}.Release|x86.Build.0 = Release|Win32
	EndGlobalSection
	GlobalSection(SolutionProperties) = preSolution
		HideSolutionNode = FALSE
	EndGlobalSection
	GlobalSection(ExtensibilityGlobals) = postSolution
		SolutionGuid = {B91C162D-255A-4F83-A15C-89C4AD1A03F6}
	EndGlobalSection
EndGlobal
