
Microsoft Visual Studio Solution File, Format Version 12.00
# Visual Studio Version 16
VisualStudioVersion = 16.0.30804.86
MinimumVisualStudioVersion = 10.0.40219.1
Project("{8BC9CEB8-8B4A-11D0-8D11-00A0C91BC942}") = "OOP Lab 15", "OOP Lab 15.vcxproj", "{BC7EE0E9-F57F-43AD-8671-89E17AC245CB}"
EndProject
Global
	GlobalSection(SolutionConfigurationPlatforms) = preSolution
		Debug|x64 = Debug|x64
		Debug|x86 = Debug|x86
		Release|x64 = Release|x64
		Release|x86 = Release|x86
	EndGlobalSection
	GlobalSection(ProjectConfigurationPlatforms) = postSolution
		{BC7EE0E9-F57F-43AD-8671-89E17AC245CB}.Debug|x64.ActiveCfg = Debug|x64
		{BC7EE0E9-F57F-43AD-8671-89E17AC245CB}.Debug|x64.Build.0 = Debug|x64
		{BC7EE0E9-F57F-43AD-8671-89E17AC245CB}.Debug|x86.ActiveCfg = Debug|Win32
		{BC7EE0E9-F57F-43AD-8671-89E17AC245CB}.Debug|x86.Build.0 = Debug|Win32
		{BC7EE0E9-F57F-43AD-8671-89E17AC245CB}.Release|x64.ActiveCfg = Release|x64
		{BC7EE0E9-F57F-43AD-8671-89E17AC245CB}.Release|x64.Build.0 = Release|x64
		{BC7EE0E9-F57F-43AD-8671-89E17AC245CB}.Release|x86.ActiveCfg = Release|Win32
		{BC7EE0E9-F57F-43AD-8671-89E17AC245CB}.Release|x86.Build.0 = Release|Win32
	EndGlobalSection
	GlobalSection(SolutionProperties) = preSolution
		HideSolutionNode = FALSE
	EndGlobalSection
	GlobalSection(ExtensibilityGlobals) = postSolution
		SolutionGuid = {68E5BC0A-6A97-46E0-A12F-945FA358D8E3}
	EndGlobalSection
EndGlobal
