
Microsoft Visual Studio Solution File, Format Version 12.00
# Visual Studio Version 16
VisualStudioVersion = 16.0.30804.86
MinimumVisualStudioVersion = 10.0.40219.1
Project("{8BC9CEB8-8B4A-11D0-8D11-00A0C91BC942}") = "DSA Lab 4", "DSA Lab 4.vcxproj", "{4028D59A-160F-46D6-9383-789B2B2C6D54}"
EndProject
Global
	GlobalSection(SolutionConfigurationPlatforms) = preSolution
		Debug|x64 = Debug|x64
		Debug|x86 = Debug|x86
		Release|x64 = Release|x64
		Release|x86 = Release|x86
	EndGlobalSection
	GlobalSection(ProjectConfigurationPlatforms) = postSolution
		{4028D59A-160F-46D6-9383-789B2B2C6D54}.Debug|x64.ActiveCfg = Debug|x64
		{4028D59A-160F-46D6-9383-789B2B2C6D54}.Debug|x64.Build.0 = Debug|x64
		{4028D59A-160F-46D6-9383-789B2B2C6D54}.Debug|x86.ActiveCfg = Debug|Win32
		{4028D59A-160F-46D6-9383-789B2B2C6D54}.Debug|x86.Build.0 = Debug|Win32
		{4028D59A-160F-46D6-9383-789B2B2C6D54}.Release|x64.ActiveCfg = Release|x64
		{4028D59A-160F-46D6-9383-789B2B2C6D54}.Release|x64.Build.0 = Release|x64
		{4028D59A-160F-46D6-9383-789B2B2C6D54}.Release|x86.ActiveCfg = Release|Win32
		{4028D59A-160F-46D6-9383-789B2B2C6D54}.Release|x86.Build.0 = Release|Win32
	EndGlobalSection
	GlobalSection(SolutionProperties) = preSolution
		HideSolutionNode = FALSE
	EndGlobalSection
	GlobalSection(ExtensibilityGlobals) = postSolution
		SolutionGuid = {1D46F93B-5F03-4295-9ECB-32EEAE43E066}
	EndGlobalSection
EndGlobal
