
Microsoft Visual Studio Solution File, Format Version 12.00
# Visual Studio Version 16
VisualStudioVersion = 16.0.29424.173
MinimumVisualStudioVersion = 10.0.40219.1
Project("{8BC9CEB8-8B4A-11D0-8D11-00A0C91BC942}") = "PF2 Assignment 4", "PF2 Assignment 4.vcxproj", "{D3CC19D2-F4D8-41EE-865B-EFFF486070FB}"
EndProject
Global
	GlobalSection(SolutionConfigurationPlatforms) = preSolution
		Debug|x64 = Debug|x64
		Debug|x86 = Debug|x86
		Release|x64 = Release|x64
		Release|x86 = Release|x86
	EndGlobalSection
	GlobalSection(ProjectConfigurationPlatforms) = postSolution
		{D3CC19D2-F4D8-41EE-865B-EFFF486070FB}.Debug|x64.ActiveCfg = Debug|x64
		{D3CC19D2-F4D8-41EE-865B-EFFF486070FB}.Debug|x64.Build.0 = Debug|x64
		{D3CC19D2-F4D8-41EE-865B-EFFF486070FB}.Debug|x86.ActiveCfg = Debug|Win32
		{D3CC19D2-F4D8-41EE-865B-EFFF486070FB}.Debug|x86.Build.0 = Debug|Win32
		{D3CC19D2-F4D8-41EE-865B-EFFF486070FB}.Release|x64.ActiveCfg = Release|x64
		{D3CC19D2-F4D8-41EE-865B-EFFF486070FB}.Release|x64.Build.0 = Release|x64
		{D3CC19D2-F4D8-41EE-865B-EFFF486070FB}.Release|x86.ActiveCfg = Release|Win32
		{D3CC19D2-F4D8-41EE-865B-EFFF486070FB}.Release|x86.Build.0 = Release|Win32
	EndGlobalSection
	GlobalSection(SolutionProperties) = preSolution
		HideSolutionNode = FALSE
	EndGlobalSection
	GlobalSection(ExtensibilityGlobals) = postSolution
		SolutionGuid = {03EA8DA8-9150-4521-AC8E-009E7645D0EA}
	EndGlobalSection
EndGlobal
